// !$*UTF8*$!
{
	archiveVersion = 1;
	classes = {
	};
	objectVersion = 50;
	objects = {

/* Begin PBXBuildFile section */
		EA4541E225A4A0E000F03320 /* alarmClass.swift in Sources */ = {isa = PBXBuildFile; fileRef = EA4541E125A4A0E000F03320 /* alarmClass.swift */; };
		EA4541E725A4A28100F03320 /* alarmTableViewController.swift in Sources */ = {isa = PBXBuildFile; fileRef = EA4541E625A4A28100F03320 /* alarmTableViewController.swift */; };
		EA649AF5259C67F7002206AB /* AppDelegate.swift in Sources */ = {isa = PBXBuildFile; fileRef = EA649AF4259C67F7002206AB /* AppDelegate.swift */; };
		EA649AF7259C67F7002206AB /* SceneDelegate.swift in Sources */ = {isa = PBXBuildFile; fileRef = EA649AF6259C67F7002206AB /* SceneDelegate.swift */; };
		EA649AF9259C67F7002206AB /* ViewController.swift in Sources */ = {isa = PBXBuildFile; fileRef = EA649AF8259C67F7002206AB /* ViewController.swift */; };
		EA649AFC259C67F7002206AB /* Main.storyboard in Resources */ = {isa = PBXBuildFile; fileRef = EA649AFA259C67F7002206AB /* Main.storyboard */; };
		EA649AFE259C67FB002206AB /* Assets.xcassets in Resources */ = {isa = PBXBuildFile; fileRef = EA649AFD259C67FB002206AB /* Assets.xcassets */; };
		EA649B01259C67FB002206AB /* LaunchScreen.storyboard in Resources */ = {isa = PBXBuildFile; fileRef = EA649AFF259C67FB002206AB /* LaunchScreen.storyboard */; };
		EA649B0C259C67FC002206AB /* finalProjectTests.swift in Sources */ = {isa = PBXBuildFile; fileRef = EA649B0B259C67FC002206AB /* finalProjectTests.swift */; };
		EA649B17259C67FC002206AB /* finalProjectUITests.swift in Sources */ = {isa = PBXBuildFile; fileRef = EA649B16259C67FC002206AB /* finalProjectUITests.swift */; };
		EAC229EE25A4BA9800E31FED /* tabBarViewController.swift in Sources */ = {isa = PBXBuildFile; fileRef = EAC229ED25A4BA9800E31FED /* tabBarViewController.swift */; };
/* End PBXBuildFile section */

/* Begin PBXContainerItemProxy section */
		EA649B08259C67FC002206AB /* PBXContainerItemProxy */ = {
			isa = PBXContainerItemProxy;
			containerPortal = EA649AE9259C67F6002206AB /* Project object */;
			proxyType = 1;
			remoteGlobalIDString = EA649AF0259C67F6002206AB;
			remoteInfo = finalProject;
		};
		EA649B13259C67FC002206AB /* PBXContainerItemProxy */ = {
			isa = PBXContainerItemProxy;
			containerPortal = EA649AE9259C67F6002206AB /* Project object */;
			proxyType = 1;
			remoteGlobalIDString = EA649AF0259C67F6002206AB;
			remoteInfo = finalProject;
		};
/* End PBXContainerItemProxy section */

/* Begin PBXFileReference section */
		EA4541E125A4A0E000F03320 /* alarmClass.swift */ = {isa = PBXFileReference; lastKnownFileType = sourcecode.swift; path = alarmClass.swift; sourceTree = "<group>"; };
		EA4541E625A4A28100F03320 /* alarmTableViewController.swift */ = {isa = PBXFileReference; lastKnownFileType = sourcecode.swift; path = alarmTableViewController.swift; sourceTree = "<group>"; };
		EA649AF1259C67F6002206AB /* finalProject.app */ = {isa = PBXFileReference; explicitFileType = wrapper.application; includeInIndex = 0; path = finalProject.app; sourceTree = BUILT_PRODUCTS_DIR; };
		EA649AF4259C67F7002206AB /* AppDelegate.swift */ = {isa = PBXFileReference; lastKnownFileType = sourcecode.swift; path = AppDelegate.swift; sourceTree = "<group>"; };
		EA649AF6259C67F7002206AB /* SceneDelegate.swift */ = {isa = PBXFileReference; lastKnownFileType = sourcecode.swift; path = SceneDelegate.swift; sourceTree = "<group>"; };
		EA649AF8259C67F7002206AB /* ViewController.swift */ = {isa = PBXFileReference; lastKnownFileType = sourcecode.swift; path = ViewController.swift; sourceTree = "<group>"; };
		EA649AFB259C67F7002206AB /* Base */ = {isa = PBXFileReference; lastKnownFileType = file.storyboard; name = Base; path = Base.lproj/Main.storyboard; sourceTree = "<group>"; };
		EA649AFD259C67FB002206AB /* Assets.xcassets */ = {isa = PBXFileReference; lastKnownFileType = folder.assetcatalog; path = Assets.xcassets; sourceTree = "<group>"; };
		EA649B00259C67FB002206AB /* Base */ = {isa = PBXFileReference; lastKnownFileType = file.storyboard; name = Base; path = Base.lproj/LaunchScreen.storyboard; sourceTree = "<group>"; };
		EA649B02259C67FB002206AB /* Info.plist */ = {isa = PBXFileReference; lastKnownFileType = text.plist.xml; path = Info.plist; sourceTree = "<group>"; };
		EA649B07259C67FC002206AB /* finalProjectTests.xctest */ = {isa = PBXFileReference; explicitFileType = wrapper.cfbundle; includeInIndex = 0; path = finalProjectTests.xctest; sourceTree = BUILT_PRODUCTS_DIR; };
		EA649B0B259C67FC002206AB /* finalProjectTests.swift */ = {isa = PBXFileReference; lastKnownFileType = sourcecode.swift; path = finalProjectTests.swift; sourceTree = "<group>"; };
		EA649B0D259C67FC002206AB /* Info.plist */ = {isa = PBXFileReference; lastKnownFileType = text.plist.xml; path = Info.plist; sourceTree = "<group>"; };
		EA649B12259C67FC002206AB /* finalProjectUITests.xctest */ = {isa = PBXFileReference; explicitFileType = wrapper.cfbundle; includeInIndex = 0; path = finalProjectUITests.xctest; sourceTree = BUILT_PRODUCTS_DIR; };
		EA649B16259C67FC002206AB /* finalProjectUITests.swift */ = {isa = PBXFileReference; lastKnownFileType = sourcecode.swift; path = finalProjectUITests.swift; sourceTree = "<group>"; };
		EA649B18259C67FC002206AB /* Info.plist */ = {isa = PBXFileReference; lastKnownFileType = text.plist.xml; path = Info.plist; sourceTree = "<group>"; };
		EAC229ED25A4BA9800E31FED /* tabBarViewController.swift */ = {isa = PBXFileReference; lastKnownFileType = sourcecode.swift; path = tabBarViewController.swift; sourceTree = "<group>"; };
/* End PBXFileReference section */

/* Begin PBXFrameworksBuildPhase section */
		EA649AEE259C67F6002206AB /* Frameworks */ = {
			isa = PBXFrameworksBuildPhase;
			buildActionMask = 2147483647;
			files = (
			);
			runOnlyForDeploymentPostprocessing = 0;
		};
		EA649B04259C67FC002206AB /* Frameworks */ = {
			isa = PBXFrameworksBuildPhase;
			buildActionMask = 2147483647;
			files = (
			);
			runOnlyForDeploymentPostprocessing = 0;
		};
		EA649B0F259C67FC002206AB /* Frameworks */ = {
			isa = PBXFrameworksBuildPhase;
			buildActionMask = 2147483647;
			files = (
			);
			runOnlyForDeploymentPostprocessing = 0;
		};
/* End PBXFrameworksBuildPhase section */

/* Begin PBXGroup section */
		EA649AE8259C67F6002206AB = {
			isa = PBXGroup;
			children = (
				EA649AF3259C67F6002206AB /* finalProject */,
				EA649B0A259C67FC002206AB /* finalProjectTests */,
				EA649B15259C67FC002206AB /* finalProjectUITests */,
				EA649AF2259C67F6002206AB /* Products */,
			);
			sourceTree = "<group>";
		};
		EA649AF2259C67F6002206AB /* Products */ = {
			isa = PBXGroup;
			children = (
				EA649AF1259C67F6002206AB /* finalProject.app */,
				EA649B07259C67FC002206AB /* finalProjectTests.xctest */,
				EA649B12259C67FC002206AB /* finalProjectUITests.xctest */,
			);
			name = Products;
			sourceTree = "<group>";
		};
		EA649AF3259C67F6002206AB /* finalProject */ = {
			isa = PBXGroup;
			children = (
				EA649AF4259C67F7002206AB /* AppDelegate.swift */,
				EA649AF6259C67F7002206AB /* SceneDelegate.swift */,
				EA649AF8259C67F7002206AB /* ViewController.swift */,
				EA649AFA259C67F7002206AB /* Main.storyboard */,
				EAC229ED25A4BA9800E31FED /* tabBarViewController.swift */,
				EA4541E625A4A28100F03320 /* alarmTableViewController.swift */,
				EA4541E125A4A0E000F03320 /* alarmClass.swift */,
				EA649AFD259C67FB002206AB /* Assets.xcassets */,
				EA649AFF259C67FB002206AB /* LaunchScreen.storyboard */,
				EA649B02259C67FB002206AB /* Info.plist */,
			);
			path = finalProject;
			sourceTree = "<group>";
		};
		EA649B0A259C67FC002206AB /* finalProjectTests */ = {
			isa = PBXGroup;
			children = (
				EA649B0B259C67FC002206AB /* finalProjectTests.swift */,
				EA649B0D259C67FC002206AB /* Info.plist */,
			);
			path = finalProjectTests;
			sourceTree = "<group>";
		};
		EA649B15259C67FC002206AB /* finalProjectUITests */ = {
			isa = PBXGroup;
			children = (
				EA649B16259C67FC002206AB /* finalProjectUITests.swift */,
				EA649B18259C67FC002206AB /* Info.plist */,
			);
			path = finalProjectUITests;
			sourceTree = "<group>";
		};
/* End PBXGroup section */

/* Begin PBXNativeTarget section */
		EA649AF0259C67F6002206AB /* finalProject */ = {
			isa = PBXNativeTarget;
			buildConfigurationList = EA649B1B259C67FC002206AB /* Build configuration list for PBXNativeTarget "finalProject" */;
			buildPhases = (
				EA649AED259C67F6002206AB /* Sources */,
				EA649AEE259C67F6002206AB /* Frameworks */,
				EA649AEF259C67F6002206AB /* Resources */,
			);
			buildRules = (
			);
			dependencies = (
			);
			name = finalProject;
			productName = finalProject;
			productReference = EA649AF1259C67F6002206AB /* finalProject.app */;
			productType = "com.apple.product-type.application";
		};
		EA649B06259C67FC002206AB /* finalProjectTests */ = {
			isa = PBXNativeTarget;
			buildConfigurationList = EA649B1E259C67FC002206AB /* Build configuration list for PBXNativeTarget "finalProjectTests" */;
			buildPhases = (
				EA649B03259C67FC002206AB /* Sources */,
				EA649B04259C67FC002206AB /* Frameworks */,
				EA649B05259C67FC002206AB /* Resources */,
			);
			buildRules = (
			);
			dependencies = (
				EA649B09259C67FC002206AB /* PBXTargetDependency */,
			);
			name = finalProjectTests;
			productName = finalProjectTests;
			productReference = EA649B07259C67FC002206AB /* finalProjectTests.xctest */;
			productType = "com.apple.product-type.bundle.unit-test";
		};
		EA649B11259C67FC002206AB /* finalProjectUITests */ = {
			isa = PBXNativeTarget;
			buildConfigurationList = EA649B21259C67FC002206AB /* Build configuration list for PBXNativeTarget "finalProjectUITests" */;
			buildPhases = (
				EA649B0E259C67FC002206AB /* Sources */,
				EA649B0F259C67FC002206AB /* Frameworks */,
				EA649B10259C67FC002206AB /* Resources */,
			);
			buildRules = (
			);
			dependencies = (
				EA649B14259C67FC002206AB /* PBXTargetDependency */,
			);
			name = finalProjectUITests;
			productName = finalProjectUITests;
			productReference = EA649B12259C67FC002206AB /* finalProjectUITests.xctest */;
			productType = "com.apple.product-type.bundle.ui-testing";
		};
/* End PBXNativeTarget section */

/* Begin PBXProject section */
		EA649AE9259C67F6002206AB /* Project object */ = {
			isa = PBXProject;
			attributes = {
				LastSwiftUpdateCheck = 1220;
				LastUpgradeCheck = 1220;
				TargetAttributes = {
					EA649AF0259C67F6002206AB = {
						CreatedOnToolsVersion = 12.2;
					};
					EA649B06259C67FC002206AB = {
						CreatedOnToolsVersion = 12.2;
						TestTargetID = EA649AF0259C67F6002206AB;
					};
					EA649B11259C67FC002206AB = {
						CreatedOnToolsVersion = 12.2;
						TestTargetID = EA649AF0259C67F6002206AB;
					};
				};
			};
			buildConfigurationList = EA649AEC259C67F6002206AB /* Build configuration list for PBXProject "finalProject" */;
			compatibilityVersion = "Xcode 9.3";
			developmentRegion = en;
			hasScannedForEncodings = 0;
			knownRegions = (
				en,
				Base,
			);
			mainGroup = EA649AE8259C67F6002206AB;
			productRefGroup = EA649AF2259C67F6002206AB /* Products */;
			projectDirPath = "";
			projectRoot = "";
			targets = (
				EA649AF0259C67F6002206AB /* finalProject */,
				EA649B06259C67FC002206AB /* finalProjectTests */,
				EA649B11259C67FC002206AB /* finalProjectUITests */,
			);
		};
/* End PBXProject section */

/* Begin PBXResourcesBuildPhase section */
		EA649AEF259C67F6002206AB /* Resources */ = {
			isa = PBXResourcesBuildPhase;
			buildActionMask = 2147483647;
			files = (
				EA649B01259C67FB002206AB /* LaunchScreen.storyboard in Resources */,
				EA649AFE259C67FB002206AB /* Assets.xcassets in Resources */,
				EA649AFC259C67F7002206AB /* Main.storyboard in Resources */,
			);
			runOnlyForDeploymentPostprocessing = 0;
		};
		EA649B05259C67FC002206AB /* Resources */ = {
			isa = PBXResourcesBuildPhase;
			buildActionMask = 2147483647;
			files = (
			);
			runOnlyForDeploymentPostprocessing = 0;
		};
		EA649B10259C67FC002206AB /* Resources */ = {
			isa = PBXResourcesBuildPhase;
			buildActionMask = 2147483647;
			files = (
			);
			runOnlyForDeploymentPostprocessing = 0;
		};
/* End PBXResourcesBuildPhase section */

/* Begin PBXSourcesBuildPhase section */
		EA649AED259C67F6002206AB /* Sources */ = {
			isa = PBXSourcesBuildPhase;
			buildActionMask = 2147483647;
			files = (
				EAC229EE25A4BA9800E31FED /* tabBarViewController.swift in Sources */,
				EA649AF9259C67F7002206AB /* ViewController.swift in Sources */,
				EA4541E225A4A0E000F03320 /* alarmClass.swift in Sources */,
				EA649AF5259C67F7002206AB /* AppDelegate.swift in Sources */,
				EA4541E725A4A28100F03320 /* alarmTableViewController.swift in Sources */,
				EA649AF7259C67F7002206AB /* SceneDelegate.swift in Sources */,
			);
			runOnlyForDeploymentPostprocessing = 0;
		};
		EA649B03259C67FC002206AB /* Sources */ = {
			isa = PBXSourcesBuildPhase;
			buildActionMask = 2147483647;
			files = (
				EA649B0C259C67FC002206AB /* finalProjectTests.swift in Sources */,
			);
			runOnlyForDeploymentPostprocessing = 0;
		};
		EA649B0E259C67FC002206AB /* Sources */ = {
			isa = PBXSourcesBuildPhase;
			buildActionMask = 2147483647;
			files = (
				EA649B17259C67FC002206AB /* finalProjectUITests.swift in Sources */,
			);
			runOnlyForDeploymentPostprocessing = 0;
		};
/* End PBXSourcesBuildPhase section */

/* Begin PBXTargetDependency section */
		EA649B09259C67FC002206AB /* PBXTargetDependency */ = {
			isa = PBXTargetDependency;
			target = EA649AF0259C67F6002206AB /* finalProject */;
			targetProxy = EA649B08259C67FC002206AB /* PBXContainerItemProxy */;
		};
		EA649B14259C67FC002206AB /* PBXTargetDependency */ = {
			isa = PBXTargetDependency;
			target = EA649AF0259C67F6002206AB /* finalProject */;
			targetProxy = EA649B13259C67FC002206AB /* PBXContainerItemProxy */;
		};
/* End PBXTargetDependency section */

/* Begin PBXVariantGroup section */
		EA649AFA259C67F7002206AB /* Main.storyboard */ = {
			isa = PBXVariantGroup;
			children = (
				EA649AFB259C67F7002206AB /* Base */,
			);
			name = Main.storyboard;
			sourceTree = "<group>";
		};
		EA649AFF259C67FB002206AB /* LaunchScreen.storyboard */ = {
			isa = PBXVariantGroup;
			children = (
				EA649B00259C67FB002206AB /* Base */,
			);
			name = LaunchScreen.storyboard;
			sourceTree = "<group>";
		};
/* End PBXVariantGroup section */

/* Begin XCBuildConfiguration section */
		EA649B19259C67FC002206AB /* Debug */ = {
			isa = XCBuildConfiguration;
			buildSettings = {
				ALWAYS_SEARCH_USER_PATHS = NO;
				CLANG_ANALYZER_NONNULL = YES;
				CLANG_ANALYZER_NUMBER_OBJECT_CONVERSION = YES_AGGRESSIVE;
				CLANG_CXX_LANGUAGE_STANDARD = "gnu++14";
				CLANG_CXX_LIBRARY = "libc++";
				CLANG_ENABLE_MODULES = YES;
				CLANG_ENABLE_OBJC_ARC = YES;
				CLANG_ENABLE_OBJC_WEAK = YES;
				CLANG_WARN_BLOCK_CAPTURE_AUTORELEASING = YES;
				CLANG_WARN_BOOL_CONVERSION = YES;
				CLANG_WARN_COMMA = YES;
				CLANG_WARN_CONSTANT_CONVERSION = YES;
				CLANG_WARN_DEPRECATED_OBJC_IMPLEMENTATIONS = YES;
				CLANG_WARN_DIRECT_OBJC_ISA_USAGE = YES_ERROR;
				CLANG_WARN_DOCUMENTATION_COMMENTS = YES;
				CLANG_WARN_EMPTY_BODY = YES;
				CLANG_WARN_ENUM_CONVERSION = YES;
				CLANG_WARN_INFINITE_RECURSION = YES;
				CLANG_WARN_INT_CONVERSION = YES;
				CLANG_WARN_NON_LITERAL_NULL_CONVERSION = YES;
				CLANG_WARN_OBJC_IMPLICIT_RETAIN_SELF = YES;
				CLANG_WARN_OBJC_LITERAL_CONVERSION = YES;
				CLANG_WARN_OBJC_ROOT_CLASS = YES_ERROR;
				CLANG_WARN_QUOTED_INCLUDE_IN_FRAMEWORK_HEADER = YES;
				CLANG_WARN_RANGE_LOOP_ANALYSIS = YES;
				CLANG_WARN_STRICT_PROTOTYPES = YES;
				CLANG_WARN_SUSPICIOUS_MOVE = YES;
				CLANG_WARN_UNGUARDED_AVAILABILITY = YES_AGGRESSIVE;
				CLANG_WARN_UNREACHABLE_CODE = YES;
				CLANG_WARN__DUPLICATE_METHOD_MATCH = YES;
				COPY_PHASE_STRIP = NO;
				DEBUG_INFORMATION_FORMAT = dwarf;
				ENABLE_STRICT_OBJC_MSGSEND = YES;
				ENABLE_TESTABILITY = YES;
				GCC_C_LANGUAGE_STANDARD = gnu11;
				GCC_DYNAMIC_NO_PIC = NO;
				GCC_NO_COMMON_BLOCKS = YES;
				GCC_OPTIMIZATION_LEVEL = 0;
				GCC_PREPROCESSOR_DEFINITIONS = (
					"DEBUG=1",
					"$(inherited)",
				);
				GCC_WARN_64_TO_32_BIT_CONVERSION = YES;
				GCC_WARN_ABOUT_RETURN_TYPE = YES_ERROR;
				GCC_WARN_UNDECLARED_SELECTOR = YES;
				GCC_WARN_UNINITIALIZED_AUTOS = YES_AGGRESSIVE;
				GCC_WARN_UNUSED_FUNCTION = YES;
				GCC_WARN_UNUSED_VARIABLE = YES;
				IPHONEOS_DEPLOYMENT_TARGET = 14.2;
				MTL_ENABLE_DEBUG_INFO = INCLUDE_SOURCE;
				MTL_FAST_MATH = YES;
				ONLY_ACTIVE_ARCH = YES;
				SDKROOT = iphoneos;
				SWIFT_ACTIVE_COMPILATION_CONDITIONS = DEBUG;
				SWIFT_OPTIMIZATION_LEVEL = "-Onone";
			};
			name = Debug;
		};
		EA649B1A259C67FC002206AB /* Release */ = {
			isa = XCBuildConfiguration;
			buildSettings = {
				ALWAYS_SEARCH_USER_PATHS = NO;
				CLANG_ANALYZER_NONNULL = YES;
				CLANG_ANALYZER_NUMBER_OBJECT_CONVERSION = YES_AGGRESSIVE;
				CLANG_CXX_LANGUAGE_STANDARD = "gnu++14";
				CLANG_CXX_LIBRARY = "libc++";
				CLANG_ENABLE_MODULES = YES;
				CLANG_ENABLE_OBJC_ARC = YES;
				CLANG_ENABLE_OBJC_WEAK = YES;
				CLANG_WARN_BLOCK_CAPTURE_AUTORELEASING = YES;
				CLANG_WARN_BOOL_CONVERSION = YES;
				CLANG_WARN_COMMA = YES;
				CLANG_WARN_CONSTANT_CONVERSION = YES;
				CLANG_WARN_DEPRECATED_OBJC_IMPLEMENTATIONS = YES;
				CLANG_WARN_DIRECT_OBJC_ISA_USAGE = YES_ERROR;
				CLANG_WARN_DOCUMENTATION_COMMENTS = YES;
				CLANG_WARN_EMPTY_BODY = YES;
				CLANG_WARN_ENUM_CONVERSION = YES;
				CLANG_WARN_INFINITE_RECURSION = YES;
				CLANG_WARN_INT_CONVERSION = YES;
				CLANG_WARN_NON_LITERAL_NULL_CONVERSION = YES;
				CLANG_WARN_OBJC_IMPLICIT_RETAIN_SELF = YES;
				CLANG_WARN_OBJC_LITERAL_CONVERSION = YES;
				CLANG_WARN_OBJC_ROOT_CLASS = YES_ERROR;
				CLANG_WARN_QUOTED_INCLUDE_IN_FRAMEWORK_HEADER = YES;
				CLANG_WARN_RANGE_LOOP_ANALYSIS = YES;
				CLANG_WARN_STRICT_PROTOTYPES = YES;
				CLANG_WARN_SUSPICIOUS_MOVE = YES;
				CLANG_WARN_UNGUARDED_AVAILABILITY = YES_AGGRESSIVE;
				CLANG_WARN_UNREACHABLE_CODE = YES;
				CLANG_WARN__DUPLICATE_METHOD_MATCH = YES;
				COPY_PHASE_STRIP = NO;
				DEBUG_INFORMATION_FORMAT = "dwarf-with-dsym";
				ENABLE_NS_ASSERTIONS = NO;
				ENABLE_STRICT_OBJC_MSGSEND = YES;
				GCC_C_LANGUAGE_STANDARD = gnu11;
				GCC_NO_COMMON_BLOCKS = YES;
				GCC_WARN_64_TO_32_BIT_CONVERSION = YES;
				GCC_WARN_ABOUT_RETURN_TYPE = YES_ERROR;
				GCC_WARN_UNDECLARED_SELECTOR = YES;
				GCC_WARN_UNINITIALIZED_AUTOS = YES_AGGRESSIVE;
				GCC_WARN_UNUSED_FUNCTION = YES;
				GCC_WARN_UNUSED_VARIABLE = YES;
				IPHONEOS_DEPLOYMENT_TARGET = 14.2;
				MTL_ENABLE_DEBUG_INFO = NO;
				MTL_FAST_MATH = YES;
				SDKROOT = iphoneos;
				SWIFT_COMPILATION_MODE = wholemodule;
				SWIFT_OPTIMIZATION_LEVEL = "-O";
				VALIDATE_PRODUCT = YES;
			};
			name = Release;
		};
		EA649B1C259C67FC002206AB /* Debug */ = {
			isa = XCBuildConfiguration;
			buildSettings = {
				ASSETCATALOG_COMPILER_APPICON_NAME = AppIcon;
				ASSETCATALOG_COMPILER_GLOBAL_ACCENT_COLOR_NAME = AccentColor;
				CODE_SIGN_STYLE = Automatic;
				DEVELOPMENT_TEAM = HG84WPP7B7;
				INFOPLIST_FILE = finalProject/Info.plist;
				LD_RUNPATH_SEARCH_PATHS = (
					"$(inherited)",
					"@executable_path/Frameworks",
				);
				PRODUCT_BUNDLE_IDENTIFIER = bh.polytechnic.finalProject;
				PRODUCT_NAME = "$(TARGET_NAME)";
				SWIFT_VERSION = 5.0;
				TARGETED_DEVICE_FAMILY = "1,2";
			};
			name = Debug;
		};
		EA649B1D259C67FC002206AB /* Release */ = {
			isa = XCBuildConfiguration;
			buildSettings = {
				ASSETCATALOG_COMPILER_APPICON_NAME = AppIcon;
				ASSETCATALOG_COMPILER_GLOBAL_ACCENT_COLOR_NAME = AccentColor;
				CODE_SIGN_STYLE = Automatic;
				DEVELOPMENT_TEAM = HG84WPP7B7;
				INFOPLIST_FILE = finalProject/Info.plist;
				LD_RUNPATH_SEARCH_PATHS = (
					"$(inherited)",
					"@executable_path/Frameworks",
				);
				PRODUCT_BUNDLE_IDENTIFIER = bh.polytechnic.finalProject;
				PRODUCT_NAME = "$(TARGET_NAME)";
				SWIFT_VERSION = 5.0;
				TARGETED_DEVICE_FAMILY = "1,2";
			};
			name = Release;
		};
		EA649B1F259C67FC002206AB /* Debug */ = {
			isa = XCBuildConfiguration;
			buildSettings = {
				ALWAYS_EMBED_SWIFT_STANDARD_LIBRARIES = YES;
				BUNDLE_LOADER = "$(TEST_HOST)";
				CODE_SIGN_STYLE = Automatic;
				DEVELOPMENT_TEAM = HG84WPP7B7;
				INFOPLIST_FILE = finalProjectTests/Info.plist;
				IPHONEOS_DEPLOYMENT_TARGET = 14.2;
				LD_RUNPATH_SEARCH_PATHS = (
					"$(inherited)",
					"@executable_path/Frameworks",
					"@loader_path/Frameworks",
				);
				PRODUCT_BUNDLE_IDENTIFIER = bh.polytechnic.finalProjectTests;
				PRODUCT_NAME = "$(TARGET_NAME)";
				SWIFT_VERSION = 5.0;
				TARGETED_DEVICE_FAMILY = "1,2";
				TEST_HOST = "$(BUILT_PRODUCTS_DIR)/finalProject.app/finalProject";
			};
			name = Debug;
		};
		EA649B20259C67FC002206AB /* Release */ = {
			isa = XCBuildConfiguration;
			buildSettings = {
				ALWAYS_EMBED_SWIFT_STANDARD_LIBRARIES = YES;
				BUNDLE_LOADER = "$(TEST_HOST)";
				CODE_SIGN_STYLE = Automatic;
				DEVELOPMENT_TEAM = HG84WPP7B7;
				INFOPLIST_FILE = finalProjectTests/Info.plist;
				IPHONEOS_DEPLOYMENT_TARGET = 14.2;
				LD_RUNPATH_SEARCH_PATHS = (
					"$(inherited)",
					"@executable_path/Frameworks",
					"@loader_path/Frameworks",
				);
				PRODUCT_BUNDLE_IDENTIFIER = bh.polytechnic.finalProjectTests;
				PRODUCT_NAME = "$(TARGET_NAME)";
				SWIFT_VERSION = 5.0;
				TARGETED_DEVICE_FAMILY = "1,2";
				TEST_HOST = "$(BUILT_PRODUCTS_DIR)/finalProject.app/finalProject";
			};
			name = Release;
		};
		EA649B22259C67FC002206AB /* Debug */ = {
			isa = XCBuildConfiguration;
			buildSettings = {
				ALWAYS_EMBED_SWIFT_STANDARD_LIBRARIES = YES;
				CODE_SIGN_STYLE = Automatic;
				DEVELOPMENT_TEAM = HG84WPP7B7;
				INFOPLIST_FILE = finalProjectUITests/Info.plist;
				LD_RUNPATH_SEARCH_PATHS = (
					"$(inherited)",
					"@executable_path/Frameworks",
					"@loader_path/Frameworks",
				);
				PRODUCT_BUNDLE_IDENTIFIER = bh.polytechnic.finalProjectUITests;
				PRODUCT_NAME = "$(TARGET_NAME)";
				SWIFT_VERSION = 5.0;
				TARGETED_DEVICE_FAMILY = "1,2";
				TEST_TARGET_NAME = finalProject;
			};
			name = Debug;
		};
		EA649B23259C67FC002206AB /* Release */ = {
			isa = XCBuildConfiguration;
			buildSettings = {
				ALWAYS_EMBED_SWIFT_STANDARD_LIBRARIES = YES;
				CODE_SIGN_STYLE = Automatic;
				DEVELOPMENT_TEAM = HG84WPP7B7;
				INFOPLIST_FILE = finalProjectUITests/Info.plist;
				LD_RUNPATH_SEARCH_PATHS = (
					"$(inherited)",
					"@executable_path/Frameworks",
					"@loader_path/Frameworks",
				);
				PRODUCT_BUNDLE_IDENTIFIER = bh.polytechnic.finalProjectUITests;
				PRODUCT_NAME = "$(TARGET_NAME)";
				SWIFT_VERSION = 5.0;
				TARGETED_DEVICE_FAMILY = "1,2";
				TEST_TARGET_NAME = finalProject;
			};
			name = Release;
		};
/* End XCBuildConfiguration section */

/* Begin XCConfigurationList section */
		EA649AEC259C67F6002206AB /* Build configuration list for PBXProject "finalProject" */ = {
			isa = XCConfigurationList;
			buildConfigurations = (
				EA649B19259C67FC002206AB /* Debug */,
				EA649B1A259C67FC002206AB /* Release */,
			);
			defaultConfigurationIsVisible = 0;
			defaultConfigurationName = Release;
		};
		EA649B1B259C67FC002206AB /* Build configuration list for PBXNativeTarget "finalProject" */ = {
			isa = XCConfigurationList;
			buildConfigurations = (
				EA649B1C259C67FC002206AB /* Debug */,
				EA649B1D259C67FC002206AB /* Release */,
			);
			defaultConfigurationIsVisible = 0;
			defaultConfigurationName = Release;
		};
		EA649B1E259C67FC002206AB /* Build configuration list for PBXNativeTarget "finalProjectTests" */ = {
			isa = XCConfigurationList;
			buildConfigurations = (
				EA649B1F259C67FC002206AB /* Debug */,
				EA649B20259C67FC002206AB /* Release */,
			);
			defaultConfigurationIsVisible = 0;
			defaultConfigurationName = Release;
		};
		EA649B21259C67FC002206AB /* Build configuration list for PBXNativeTarget "finalProjectUITests" */ = {
			isa = XCConfigurationList;
			buildConfigurations = (
				EA649B22259C67FC002206AB /* Debug */,
				EA649B23259C67FC002206AB /* Release */,
			);
			defaultConfigurationIsVisible = 0;
			defaultConfigurationName = Release;
		};
/* End XCConfigurationList section */
	};
	rootObject = EA649AE9259C67F6002206AB /* Project object */;
}
